
Microsoft Visual Studio Solution File, Format Version 12.00
# Visual Studio Version 17
VisualStudioVersion = 17.9.34607.119
MinimumVisualStudioVersion = 10.0.40219.1
Project("{FAE04EC0-301F-11D3-BF4B-00C04F79EFBC}") = "pruebas git", "pruebas git\pruebas git.csproj", "{FB6537C1-7A7F-4EE1-99F9-ECB1EB086E59}"
EndProject
Global
	GlobalSection(SolutionConfigurationPlatforms) = preSolution
		Debug|Any CPU = Debug|Any CPU
		Release|Any CPU = Release|Any CPU
	EndGlobalSection
	GlobalSection(ProjectConfigurationPlatforms) = postSolution
		{FB6537C1-7A7F-4EE1-99F9-ECB1EB086E59}.Debug|Any CPU.ActiveCfg = Debug|Any CPU
		{FB6537C1-7A7F-4EE1-99F9-ECB1EB086E59}.Debug|Any CPU.Build.0 = Debug|Any CPU
		{FB6537C1-7A7F-4EE1-99F9-ECB1EB086E59}.Release|Any CPU.ActiveCfg = Release|Any CPU
		{FB6537C1-7A7F-4EE1-99F9-ECB1EB086E59}.Release|Any CPU.Build.0 = Release|Any CPU
	EndGlobalSection
	GlobalSection(SolutionProperties) = preSolution
		HideSolutionNode = FALSE
	EndGlobalSection
	GlobalSection(ExtensibilityGlobals) = postSolution
		SolutionGuid = {37C057E6-B0F2-418A-8141-C8CF1D8A1C9E}
	EndGlobalSection
EndGlobal
